version = 1
revision = 1
requires-python = ">=3.12"

[[package]]
name = "coverage"
version = "7.6.12"
source = { registry = "https://pypi.org/simple" }
sdist = { url = "https://files.pythonhosted.org/packages/0c/d6/2b53ab3ee99f2262e6f0b8369a43f6d66658eab45510331c0b3d5c8c4272/coverage-7.6.12.tar.gz", hash = "sha256:48cfc4641d95d34766ad41d9573cc0f22a48aa88d22657a1fe01dca0dbae4de2", size = 805941 }
wheels = [
    { url = "https://files.pythonhosted.org/packages/e2/7f/4af2ed1d06ce6bee7eafc03b2ef748b14132b0bdae04388e451e4b2c529b/coverage-7.6.12-cp312-cp312-macosx_10_13_x86_64.whl", hash = "sha256:b172f8e030e8ef247b3104902cc671e20df80163b60a203653150d2fc204d1ad", size = 208645 },
    { url = "https://files.pythonhosted.org/packages/dc/60/d19df912989117caa95123524d26fc973f56dc14aecdec5ccd7d0084e131/coverage-7.6.12-cp312-cp312-macosx_11_0_arm64.whl", hash = "sha256:641dfe0ab73deb7069fb972d4d9725bf11c239c309ce694dd50b1473c0f641c3", size = 208898 },
    { url = "https://files.pythonhosted.org/packages/bd/10/fecabcf438ba676f706bf90186ccf6ff9f6158cc494286965c76e58742fa/coverage-7.6.12-cp312-cp312-manylinux_2_17_aarch64.manylinux2014_aarch64.whl", hash = "sha256:0e549f54ac5f301e8e04c569dfdb907f7be71b06b88b5063ce9d6953d2d58574", size = 242987 },
    { url = "https://files.pythonhosted.org/packages/4c/53/4e208440389e8ea936f5f2b0762dcd4cb03281a7722def8e2bf9dc9c3d68/coverage-7.6.12-cp312-cp312-manylinux_2_5_i686.manylinux1_i686.manylinux_2_17_i686.manylinux2014_i686.whl", hash = "sha256:959244a17184515f8c52dcb65fb662808767c0bd233c1d8a166e7cf74c9ea985", size = 239881 },
    { url = "https://files.pythonhosted.org/packages/c4/47/2ba744af8d2f0caa1f17e7746147e34dfc5f811fb65fc153153722d58835/coverage-7.6.12-cp312-cp312-manylinux_2_5_x86_64.manylinux1_x86_64.manylinux_2_17_x86_64.manylinux2014_x86_64.whl", hash = "sha256:bda1c5f347550c359f841d6614fb8ca42ae5cb0b74d39f8a1e204815ebe25750", size = 242142 },
    { url = "https://files.pythonhosted.org/packages/e9/90/df726af8ee74d92ee7e3bf113bf101ea4315d71508952bd21abc3fae471e/coverage-7.6.12-cp312-cp312-musllinux_1_2_aarch64.whl", hash = "sha256:1ceeb90c3eda1f2d8c4c578c14167dbd8c674ecd7d38e45647543f19839dd6ea", size = 241437 },
    { url = "https://files.pythonhosted.org/packages/f6/af/995263fd04ae5f9cf12521150295bf03b6ba940d0aea97953bb4a6db3e2b/coverage-7.6.12-cp312-cp312-musllinux_1_2_i686.whl", hash = "sha256:0f16f44025c06792e0fb09571ae454bcc7a3ec75eeb3c36b025eccf501b1a4c3", size = 239724 },
    { url = "https://files.pythonhosted.org/packages/1c/8e/5bb04f0318805e190984c6ce106b4c3968a9562a400180e549855d8211bd/coverage-7.6.12-cp312-cp312-musllinux_1_2_x86_64.whl", hash = "sha256:b076e625396e787448d27a411aefff867db2bffac8ed04e8f7056b07024eed5a", size = 241329 },
    { url = "https://files.pythonhosted.org/packages/9e/9d/fa04d9e6c3f6459f4e0b231925277cfc33d72dfab7fa19c312c03e59da99/coverage-7.6.12-cp312-cp312-win32.whl", hash = "sha256:00b2086892cf06c7c2d74983c9595dc511acca00665480b3ddff749ec4fb2a95", size = 211289 },
    { url = "https://files.pythonhosted.org/packages/53/40/53c7ffe3c0c3fff4d708bc99e65f3d78c129110d6629736faf2dbd60ad57/coverage-7.6.12-cp312-cp312-win_amd64.whl", hash = "sha256:7ae6eabf519bc7871ce117fb18bf14e0e343eeb96c377667e3e5dd12095e0288", size = 212079 },
    { url = "https://files.pythonhosted.org/packages/76/89/1adf3e634753c0de3dad2f02aac1e73dba58bc5a3a914ac94a25b2ef418f/coverage-7.6.12-cp313-cp313-macosx_10_13_x86_64.whl", hash = "sha256:488c27b3db0ebee97a830e6b5a3ea930c4a6e2c07f27a5e67e1b3532e76b9ef1", size = 208673 },
    { url = "https://files.pythonhosted.org/packages/ce/64/92a4e239d64d798535c5b45baac6b891c205a8a2e7c9cc8590ad386693dc/coverage-7.6.12-cp313-cp313-macosx_11_0_arm64.whl", hash = "sha256:5d1095bbee1851269f79fd8e0c9b5544e4c00c0c24965e66d8cba2eb5bb535fd", size = 208945 },
    { url = "https://files.pythonhosted.org/packages/b4/d0/4596a3ef3bca20a94539c9b1e10fd250225d1dec57ea78b0867a1cf9742e/coverage-7.6.12-cp313-cp313-manylinux_2_17_aarch64.manylinux2014_aarch64.whl", hash = "sha256:0533adc29adf6a69c1baa88c3d7dbcaadcffa21afbed3ca7a225a440e4744bf9", size = 242484 },
    { url = "https://files.pythonhosted.org/packages/1c/ef/6fd0d344695af6718a38d0861408af48a709327335486a7ad7e85936dc6e/coverage-7.6.12-cp313-cp313-manylinux_2_5_i686.manylinux1_i686.manylinux_2_17_i686.manylinux2014_i686.whl", hash = "sha256:53c56358d470fa507a2b6e67a68fd002364d23c83741dbc4c2e0680d80ca227e", size = 239525 },
    { url = "https://files.pythonhosted.org/packages/0c/4b/373be2be7dd42f2bcd6964059fd8fa307d265a29d2b9bcf1d044bcc156ed/coverage-7.6.12-cp313-cp313-manylinux_2_5_x86_64.manylinux1_x86_64.manylinux_2_17_x86_64.manylinux2014_x86_64.whl", hash = "sha256:64cbb1a3027c79ca6310bf101014614f6e6e18c226474606cf725238cf5bc2d4", size = 241545 },
    { url = "https://files.pythonhosted.org/packages/a6/7d/0e83cc2673a7790650851ee92f72a343827ecaaea07960587c8f442b5cd3/coverage-7.6.12-cp313-cp313-musllinux_1_2_aarch64.whl", hash = "sha256:79cac3390bfa9836bb795be377395f28410811c9066bc4eefd8015258a7578c6", size = 241179 },
    { url = "https://files.pythonhosted.org/packages/ff/8c/566ea92ce2bb7627b0900124e24a99f9244b6c8c92d09ff9f7633eb7c3c8/coverage-7.6.12-cp313-cp313-musllinux_1_2_i686.whl", hash = "sha256:9b148068e881faa26d878ff63e79650e208e95cf1c22bd3f77c3ca7b1d9821a3", size = 239288 },
    { url = "https://files.pythonhosted.org/packages/7d/e4/869a138e50b622f796782d642c15fb5f25a5870c6d0059a663667a201638/coverage-7.6.12-cp313-cp313-musllinux_1_2_x86_64.whl", hash = "sha256:8bec2ac5da793c2685ce5319ca9bcf4eee683b8a1679051f8e6ec04c4f2fd7dc", size = 241032 },
    { url = "https://files.pythonhosted.org/packages/ae/28/a52ff5d62a9f9e9fe9c4f17759b98632edd3a3489fce70154c7d66054dd3/coverage-7.6.12-cp313-cp313-win32.whl", hash = "sha256:200e10beb6ddd7c3ded322a4186313d5ca9e63e33d8fab4faa67ef46d3460af3", size = 211315 },
    { url = "https://files.pythonhosted.org/packages/bc/17/ab849b7429a639f9722fa5628364c28d675c7ff37ebc3268fe9840dda13c/coverage-7.6.12-cp313-cp313-win_amd64.whl", hash = "sha256:2b996819ced9f7dbb812c701485d58f261bef08f9b85304d41219b1496b591ef", size = 212099 },
    { url = "https://files.pythonhosted.org/packages/d2/1c/b9965bf23e171d98505eb5eb4fb4d05c44efd256f2e0f19ad1ba8c3f54b0/coverage-7.6.12-cp313-cp313t-macosx_10_13_x86_64.whl", hash = "sha256:299cf973a7abff87a30609879c10df0b3bfc33d021e1adabc29138a48888841e", size = 209511 },
    { url = "https://files.pythonhosted.org/packages/57/b3/119c201d3b692d5e17784fee876a9a78e1b3051327de2709392962877ca8/coverage-7.6.12-cp313-cp313t-macosx_11_0_arm64.whl", hash = "sha256:4b467a8c56974bf06e543e69ad803c6865249d7a5ccf6980457ed2bc50312703", size = 209729 },
    { url = "https://files.pythonhosted.org/packages/52/4e/a7feb5a56b266304bc59f872ea07b728e14d5a64f1ad3a2cc01a3259c965/coverage-7.6.12-cp313-cp313t-manylinux_2_17_aarch64.manylinux2014_aarch64.whl", hash = "sha256:2458f275944db8129f95d91aee32c828a408481ecde3b30af31d552c2ce284a0", size = 253988 },
    { url = "https://files.pythonhosted.org/packages/65/19/069fec4d6908d0dae98126aa7ad08ce5130a6decc8509da7740d36e8e8d2/coverage-7.6.12-cp313-cp313t-manylinux_2_5_i686.manylinux1_i686.manylinux_2_17_i686.manylinux2014_i686.whl", hash = "sha256:0a9d8be07fb0832636a0f72b80d2a652fe665e80e720301fb22b191c3434d924", size = 249697 },
    { url = "https://files.pythonhosted.org/packages/1c/da/5b19f09ba39df7c55f77820736bf17bbe2416bbf5216a3100ac019e15839/coverage-7.6.12-cp313-cp313t-manylinux_2_5_x86_64.manylinux1_x86_64.manylinux_2_17_x86_64.manylinux2014_x86_64.whl", hash = "sha256:14d47376a4f445e9743f6c83291e60adb1b127607a3618e3185bbc8091f0467b", size = 252033 },
    { url = "https://files.pythonhosted.org/packages/1e/89/4c2750df7f80a7872267f7c5fe497c69d45f688f7b3afe1297e52e33f791/coverage-7.6.12-cp313-cp313t-musllinux_1_2_aarch64.whl", hash = "sha256:b95574d06aa9d2bd6e5cc35a5bbe35696342c96760b69dc4287dbd5abd4ad51d", size = 251535 },
    { url = "https://files.pythonhosted.org/packages/78/3b/6d3ae3c1cc05f1b0460c51e6f6dcf567598cbd7c6121e5ad06643974703c/coverage-7.6.12-cp313-cp313t-musllinux_1_2_i686.whl", hash = "sha256:ecea0c38c9079570163d663c0433a9af4094a60aafdca491c6a3d248c7432827", size = 249192 },
    { url = "https://files.pythonhosted.org/packages/6e/8e/c14a79f535ce41af7d436bbad0d3d90c43d9e38ec409b4770c894031422e/coverage-7.6.12-cp313-cp313t-musllinux_1_2_x86_64.whl", hash = "sha256:2251fabcfee0a55a8578a9d29cecfee5f2de02f11530e7d5c5a05859aa85aee9", size = 250627 },
    { url = "https://files.pythonhosted.org/packages/cb/79/b7cee656cfb17a7f2c1b9c3cee03dd5d8000ca299ad4038ba64b61a9b044/coverage-7.6.12-cp313-cp313t-win32.whl", hash = "sha256:eb5507795caabd9b2ae3f1adc95f67b1104971c22c624bb354232d65c4fc90b3", size = 212033 },
    { url = "https://files.pythonhosted.org/packages/b6/c3/f7aaa3813f1fa9a4228175a7bd368199659d392897e184435a3b66408dd3/coverage-7.6.12-cp313-cp313t-win_amd64.whl", hash = "sha256:f60a297c3987c6c02ffb29effc70eadcbb412fe76947d394a1091a3615948e2f", size = 213240 },
    { url = "https://files.pythonhosted.org/packages/fb/b2/f655700e1024dec98b10ebaafd0cedbc25e40e4abe62a3c8e2ceef4f8f0a/coverage-7.6.12-py3-none-any.whl", hash = "sha256:eb8668cfbc279a536c633137deeb9435d2962caec279c3f8cf8b91fff6ff8953", size = 200552 },
]

[[package]]
name = "textcanvas"
version = "3.7.0"
source = { virtual = "." }
dependencies = [
    { name = "coverage" },
]

[package.metadata]
requires-dist = [{ name = "coverage", specifier = ">=7.6.12" }]
